
Microsoft Visual Studio Solution File, Format Version 12.00
# Visual Studio Version 16
VisualStudioVersion = 16.0.28922.388
MinimumVisualStudioVersion = 10.0.40219.1
Project("{FAE04EC0-301F-11D3-BF4B-00C04F79EFBC}") = "PPaD_1.3", "PPaD_1.3\PPaD_1.3.csproj", "{13488E47-0FBF-4084-A6C2-2B6B55A7B6B6}"
EndProject
Project("{FAE04EC0-301F-11D3-BF4B-00C04F79EFBC}") = "GammaChiperLibrary", "GammaChiperLibrary\GammaChiperLibrary.csproj", "{20DCE738-A6A1-48DF-ABE0-19949A27A511}"
EndProject
Global
	GlobalSection(SolutionConfigurationPlatforms) = preSolution
		Debug|Any CPU = Debug|Any CPU
		Release|Any CPU = Release|Any CPU
	EndGlobalSection
	GlobalSection(ProjectConfigurationPlatforms) = postSolution
		{13488E47-0FBF-4084-A6C2-2B6B55A7B6B6}.Debug|Any CPU.ActiveCfg = Debug|Any CPU
		{13488E47-0FBF-4084-A6C2-2B6B55A7B6B6}.Debug|Any CPU.Build.0 = Debug|Any CPU
		{13488E47-0FBF-4084-A6C2-2B6B55A7B6B6}.Release|Any CPU.ActiveCfg = Release|Any CPU
		{13488E47-0FBF-4084-A6C2-2B6B55A7B6B6}.Release|Any CPU.Build.0 = Release|Any CPU
		{20DCE738-A6A1-48DF-ABE0-19949A27A511}.Debug|Any CPU.ActiveCfg = Debug|Any CPU
		{20DCE738-A6A1-48DF-ABE0-19949A27A511}.Debug|Any CPU.Build.0 = Debug|Any CPU
		{20DCE738-A6A1-48DF-ABE0-19949A27A511}.Release|Any CPU.ActiveCfg = Release|Any CPU
		{20DCE738-A6A1-48DF-ABE0-19949A27A511}.Release|Any CPU.Build.0 = Release|Any CPU
	EndGlobalSection
	GlobalSection(SolutionProperties) = preSolution
		HideSolutionNode = FALSE
	EndGlobalSection
	GlobalSection(ExtensibilityGlobals) = postSolution
		SolutionGuid = {58049E98-E44C-46EB-924C-DF874166CE2A}
	EndGlobalSection
EndGlobal
